
Microsoft Visual Studio Solution File, Format Version 12.00
# Visual Studio 15
VisualStudioVersion = 15.0.27130.0
MinimumVisualStudioVersion = 10.0.40219.1
Project("{FAE04EC0-301F-11D3-BF4B-00C04F79EFBC}") = "Composite", "Composite\Composite.csproj", "{D79BB7A2-EA0A-48BD-9FE0-B93A0AF4D852}"
EndProject
Global
	GlobalSection(SolutionConfigurationPlatforms) = preSolution
		Debug|Any CPU = Debug|Any CPU
		Release|Any CPU = Release|Any CPU
	EndGlobalSection
	GlobalSection(ProjectConfigurationPlatforms) = postSolution
		{D79BB7A2-EA0A-48BD-9FE0-B93A0AF4D852}.Debug|Any CPU.ActiveCfg = Debug|Any CPU
		{D79BB7A2-EA0A-48BD-9FE0-B93A0AF4D852}.Debug|Any CPU.Build.0 = Debug|Any CPU
		{D79BB7A2-EA0A-48BD-9FE0-B93A0AF4D852}.Release|Any CPU.ActiveCfg = Release|Any CPU
		{D79BB7A2-EA0A-48BD-9FE0-B93A0AF4D852}.Release|Any CPU.Build.0 = Release|Any CPU
	EndGlobalSection
	GlobalSection(SolutionProperties) = preSolution
		HideSolutionNode = FALSE
	EndGlobalSection
	GlobalSection(ExtensibilityGlobals) = postSolution
		SolutionGuid = {5BFDF1E9-7BEC-4193-B0A8-97EB0A816AC0}
	EndGlobalSection
EndGlobal
